
Microsoft Visual Studio Solution File, Format Version 12.00
Project("{FAE04EC0-301F-11D3-BF4B-00C04F79EFBC}") = "WebApplication5", "WebApplication5\WebApplication5.csproj", "{1319B7F6-0B1F-4836-96EF-CCA0EDCB232E}"
EndProject
Global
	GlobalSection(SolutionConfigurationPlatforms) = preSolution
		Debug|Any CPU = Debug|Any CPU
		Release|Any CPU = Release|Any CPU
	EndGlobalSection
	GlobalSection(ProjectConfigurationPlatforms) = postSolution
		{1319B7F6-0B1F-4836-96EF-CCA0EDCB232E}.Debug|Any CPU.ActiveCfg = Debug|Any CPU
		{1319B7F6-0B1F-4836-96EF-CCA0EDCB232E}.Debug|Any CPU.Build.0 = Debug|Any CPU
		{1319B7F6-0B1F-4836-96EF-CCA0EDCB232E}.Release|Any CPU.ActiveCfg = Release|Any CPU
		{1319B7F6-0B1F-4836-96EF-CCA0EDCB232E}.Release|Any CPU.Build.0 = Release|Any CPU
	EndGlobalSection
EndGlobal
